
Microsoft Visual Studio Solution File, Format Version 12.00
# Visual Studio Version 16
VisualStudioVersion = 16.0.30330.147
MinimumVisualStudioVersion = 10.0.40219.1
Project("{FAE04EC0-301F-11D3-BF4B-00C04F79EFBC}") = "ITMO.Y2020.Gr124.ASP.NET.Lab01", "ITMO.Y2020.Gr124.ASP.NET.Lab01\ITMO.Y2020.Gr124.ASP.NET.Lab01.csproj", "{17925110-12E0-49FA-8999-6BC64359C4B0}"
EndProject
Project("{FAE04EC0-301F-11D3-BF4B-00C04F79EFBC}") = "ITMO.Y2020.Gr124.ASP.NET.Lab02", "ITMO.Y2020.Gr124.ASP.NET.Lab02\ITMO.Y2020.Gr124.ASP.NET.Lab02.csproj", "{EAA64208-959D-42A6-B337-E5F8170BC876}"
EndProject
Project("{FAE04EC0-301F-11D3-BF4B-00C04F79EFBC}") = "ITMO.Y2020.Gr124.ASP.NET.Lab03", "ITMO.Y2020.Gr124.ASP.NET.Lab03\ITMO.Y2020.Gr124.ASP.NET.Lab03.csproj", "{FB9497B8-DF91-49C1-B51E-6D95CF84AFA9}"
EndProject
Global
	GlobalSection(SolutionConfigurationPlatforms) = preSolution
		Debug|Any CPU = Debug|Any CPU
		Release|Any CPU = Release|Any CPU
	EndGlobalSection
	GlobalSection(ProjectConfigurationPlatforms) = postSolution
		{17925110-12E0-49FA-8999-6BC64359C4B0}.Debug|Any CPU.ActiveCfg = Debug|Any CPU
		{17925110-12E0-49FA-8999-6BC64359C4B0}.Debug|Any CPU.Build.0 = Debug|Any CPU
		{17925110-12E0-49FA-8999-6BC64359C4B0}.Release|Any CPU.ActiveCfg = Release|Any CPU
		{17925110-12E0-49FA-8999-6BC64359C4B0}.Release|Any CPU.Build.0 = Release|Any CPU
		{EAA64208-959D-42A6-B337-E5F8170BC876}.Debug|Any CPU.ActiveCfg = Debug|Any CPU
		{EAA64208-959D-42A6-B337-E5F8170BC876}.Debug|Any CPU.Build.0 = Debug|Any CPU
		{EAA64208-959D-42A6-B337-E5F8170BC876}.Release|Any CPU.ActiveCfg = Release|Any CPU
		{EAA64208-959D-42A6-B337-E5F8170BC876}.Release|Any CPU.Build.0 = Release|Any CPU
		{FB9497B8-DF91-49C1-B51E-6D95CF84AFA9}.Debug|Any CPU.ActiveCfg = Debug|Any CPU
		{FB9497B8-DF91-49C1-B51E-6D95CF84AFA9}.Debug|Any CPU.Build.0 = Debug|Any CPU
		{FB9497B8-DF91-49C1-B51E-6D95CF84AFA9}.Release|Any CPU.ActiveCfg = Release|Any CPU
		{FB9497B8-DF91-49C1-B51E-6D95CF84AFA9}.Release|Any CPU.Build.0 = Release|Any CPU
	EndGlobalSection
	GlobalSection(SolutionProperties) = preSolution
		HideSolutionNode = FALSE
	EndGlobalSection
	GlobalSection(ExtensibilityGlobals) = postSolution
		SolutionGuid = {4304859B-A5E5-4211-9750-B524A8F55BCE}
	EndGlobalSection
EndGlobal
